
Microsoft Visual Studio Solution File, Format Version 12.00
# Visual Studio Version 16
VisualStudioVersion = 16.0.29215.179
MinimumVisualStudioVersion = 10.0.40219.1
Project("{2150E333-8FDC-42A3-9474-1A3956D46DE8}") = "Other", "Other", "{A586CAA1-C864-488E-8301-D374FFD607C9}"
EndProject
Project("{2150E333-8FDC-42A3-9474-1A3956D46DE8}") = "Framework", "Framework", "{A8C5934B-38F4-49D4-A0E2-9A8F3F2945D3}"
EndProject
Project("{8BC9CEB8-8B4A-11D0-8D11-00A0C91BC942}") = "BasicX", "BasicX\BasicX.vcxproj", "{E745E25C-0143-42AC-A486-1395A4C972AE}"
EndProject
Project("{8BC9CEB8-8B4A-11D0-8D11-00A0C91BC942}") = "VariableApplication", "VariableApplication\VariableApplication.vcxproj", "{34D8E51C-8BFB-4316-8048-234C3FD966D1}"
	ProjectSection(ProjectDependencies) = postProject
		{E745E25C-0143-42AC-A486-1395A4C972AE} = {E745E25C-0143-42AC-A486-1395A4C972AE}
	EndProjectSection
EndProject
Project("{8BC9CEB8-8B4A-11D0-8D11-00A0C91BC942}") = "01_Playgroud", "01_Playgroud\01_Playgroud.vcxproj", "{BE52867A-92EA-479A-9F73-1E96168F9A7B}"
EndProject
Project("{8BC9CEB8-8B4A-11D0-8D11-00A0C91BC942}") = "00_Sandbox", "00_Sandbox\00_Sandbox.vcxproj", "{BB29A203-127B-46E9-A5B3-925715D5AA34}"
EndProject
Project("{8BC9CEB8-8B4A-11D0-8D11-00A0C91BC942}") = "TargetPractice", "TargetPractice\TargetPractice.vcxproj", "{52BAB244-2F72-4854-B429-BCBA78ECAF3D}"
EndProject
Global
	GlobalSection(SolutionConfigurationPlatforms) = preSolution
		Debug|x86 = Debug|x86
		Release|x86 = Release|x86
	EndGlobalSection
	GlobalSection(ProjectConfigurationPlatforms) = postSolution
		{E745E25C-0143-42AC-A486-1395A4C972AE}.Debug|x86.ActiveCfg = Debug|Win32
		{E745E25C-0143-42AC-A486-1395A4C972AE}.Debug|x86.Build.0 = Debug|Win32
		{E745E25C-0143-42AC-A486-1395A4C972AE}.Debug|x86.Deploy.0 = Debug|Win32
		{E745E25C-0143-42AC-A486-1395A4C972AE}.Release|x86.ActiveCfg = Release|Win32
		{E745E25C-0143-42AC-A486-1395A4C972AE}.Release|x86.Build.0 = Release|Win32
		{E745E25C-0143-42AC-A486-1395A4C972AE}.Release|x86.Deploy.0 = Release|Win32
		{34D8E51C-8BFB-4316-8048-234C3FD966D1}.Debug|x86.ActiveCfg = Debug|Win32
		{34D8E51C-8BFB-4316-8048-234C3FD966D1}.Debug|x86.Build.0 = Debug|Win32
		{34D8E51C-8BFB-4316-8048-234C3FD966D1}.Release|x86.ActiveCfg = Release|Win32
		{34D8E51C-8BFB-4316-8048-234C3FD966D1}.Release|x86.Build.0 = Release|Win32
		{BE52867A-92EA-479A-9F73-1E96168F9A7B}.Debug|x86.ActiveCfg = Debug|Win32
		{BE52867A-92EA-479A-9F73-1E96168F9A7B}.Debug|x86.Build.0 = Debug|Win32
		{BE52867A-92EA-479A-9F73-1E96168F9A7B}.Release|x86.ActiveCfg = Release|Win32
		{BE52867A-92EA-479A-9F73-1E96168F9A7B}.Release|x86.Build.0 = Release|Win32
		{BB29A203-127B-46E9-A5B3-925715D5AA34}.Debug|x86.ActiveCfg = Debug|Win32
		{BB29A203-127B-46E9-A5B3-925715D5AA34}.Debug|x86.Build.0 = Debug|Win32
		{BB29A203-127B-46E9-A5B3-925715D5AA34}.Release|x86.ActiveCfg = Release|Win32
		{BB29A203-127B-46E9-A5B3-925715D5AA34}.Release|x86.Build.0 = Release|Win32
		{52BAB244-2F72-4854-B429-BCBA78ECAF3D}.Debug|x86.ActiveCfg = Debug|Win32
		{52BAB244-2F72-4854-B429-BCBA78ECAF3D}.Debug|x86.Build.0 = Debug|Win32
		{52BAB244-2F72-4854-B429-BCBA78ECAF3D}.Release|x86.ActiveCfg = Release|Win32
		{52BAB244-2F72-4854-B429-BCBA78ECAF3D}.Release|x86.Build.0 = Release|Win32
	EndGlobalSection
	GlobalSection(SolutionProperties) = preSolution
		HideSolutionNode = FALSE
	EndGlobalSection
	GlobalSection(NestedProjects) = preSolution
		{E745E25C-0143-42AC-A486-1395A4C972AE} = {A8C5934B-38F4-49D4-A0E2-9A8F3F2945D3}
		{34D8E51C-8BFB-4316-8048-234C3FD966D1} = {A586CAA1-C864-488E-8301-D374FFD607C9}
		{BE52867A-92EA-479A-9F73-1E96168F9A7B} = {A586CAA1-C864-488E-8301-D374FFD607C9}
		{BB29A203-127B-46E9-A5B3-925715D5AA34} = {A586CAA1-C864-488E-8301-D374FFD607C9}
	EndGlobalSection
	GlobalSection(ExtensibilityGlobals) = postSolution
		SolutionGuid = {A36545A6-DAAA-4856-BDB7-57C29F88BC6B}
	EndGlobalSection
EndGlobal
