
Microsoft Visual Studio Solution File, Format Version 12.00
# Visual Studio Version 16
VisualStudioVersion = 16.0.29215.179
MinimumVisualStudioVersion = 10.0.40219.1
Project("{2150E333-8FDC-42A3-9474-1A3956D46DE8}") = "Framework", "Framework", "{A8C5934B-38F4-49D4-A0E2-9A8F3F2945D3}"
EndProject
Project("{8BC9CEB8-8B4A-11D0-8D11-00A0C91BC942}") = "BasicX", "BasicX\BasicX.vcxproj", "{E745E25C-0143-42AC-A486-1395A4C972AE}"
EndProject
Project("{8BC9CEB8-8B4A-11D0-8D11-00A0C91BC942}") = "TargetPractice", "TargetPractice\TargetPractice.vcxproj", "{52BAB244-2F72-4854-B429-BCBA78ECAF3D}"
EndProject
Global
	GlobalSection(SolutionConfigurationPlatforms) = preSolution
		Debug|x86 = Debug|x86
		Release|x86 = Release|x86
	EndGlobalSection
	GlobalSection(ProjectConfigurationPlatforms) = postSolution
		{E745E25C-0143-42AC-A486-1395A4C972AE}.Debug|x86.ActiveCfg = Debug|Win32
		{E745E25C-0143-42AC-A486-1395A4C972AE}.Debug|x86.Build.0 = Debug|Win32
		{E745E25C-0143-42AC-A486-1395A4C972AE}.Debug|x86.Deploy.0 = Debug|Win32
		{E745E25C-0143-42AC-A486-1395A4C972AE}.Release|x86.ActiveCfg = Release|Win32
		{E745E25C-0143-42AC-A486-1395A4C972AE}.Release|x86.Build.0 = Release|Win32
		{E745E25C-0143-42AC-A486-1395A4C972AE}.Release|x86.Deploy.0 = Release|Win32
		{52BAB244-2F72-4854-B429-BCBA78ECAF3D}.Debug|x86.ActiveCfg = Debug|Win32
		{52BAB244-2F72-4854-B429-BCBA78ECAF3D}.Debug|x86.Build.0 = Debug|Win32
		{52BAB244-2F72-4854-B429-BCBA78ECAF3D}.Release|x86.ActiveCfg = Release|Win32
		{52BAB244-2F72-4854-B429-BCBA78ECAF3D}.Release|x86.Build.0 = Release|Win32
	EndGlobalSection
	GlobalSection(SolutionProperties) = preSolution
		HideSolutionNode = FALSE
	EndGlobalSection
	GlobalSection(NestedProjects) = preSolution
		{E745E25C-0143-42AC-A486-1395A4C972AE} = {A8C5934B-38F4-49D4-A0E2-9A8F3F2945D3}
	EndGlobalSection
	GlobalSection(ExtensibilityGlobals) = postSolution
		SolutionGuid = {A36545A6-DAAA-4856-BDB7-57C29F88BC6B}
	EndGlobalSection
EndGlobal
